
Microsoft Visual Studio Solution File, Format Version 12.00
# Visual Studio Version 17
VisualStudioVersion = 17.3.32811.315
MinimumVisualStudioVersion = 10.0.40219.1
Project("{FAE04EC0-301F-11D3-BF4B-00C04F79EFBC}") = "Planificadores_RoundRobin_SO", "Planificadores_RoundRobin_SO.csproj", "{1DF2B74C-D3E2-4416-8DA8-8343636CA0B4}"
EndProject
Global
	GlobalSection(SolutionConfigurationPlatforms) = preSolution
		Debug|Any CPU = Debug|Any CPU
		Release|Any CPU = Release|Any CPU
	EndGlobalSection
	GlobalSection(ProjectConfigurationPlatforms) = postSolution
		{1DF2B74C-D3E2-4416-8DA8-8343636CA0B4}.Debug|Any CPU.ActiveCfg = Debug|Any CPU
		{1DF2B74C-D3E2-4416-8DA8-8343636CA0B4}.Debug|Any CPU.Build.0 = Debug|Any CPU
		{1DF2B74C-D3E2-4416-8DA8-8343636CA0B4}.Release|Any CPU.ActiveCfg = Release|Any CPU
		{1DF2B74C-D3E2-4416-8DA8-8343636CA0B4}.Release|Any CPU.Build.0 = Release|Any CPU
	EndGlobalSection
	GlobalSection(SolutionProperties) = preSolution
		HideSolutionNode = FALSE
	EndGlobalSection
	GlobalSection(ExtensibilityGlobals) = postSolution
		SolutionGuid = {4D2F1ABA-DEE4-45B5-8568-894DB4DED29D}
	EndGlobalSection
EndGlobal
